
Microsoft Visual Studio Solution File, Format Version 12.00
# Visual Studio Version 16
VisualStudioVersion = 16.0.29519.87
MinimumVisualStudioVersion = 10.0.40219.1
Project("{2150E333-8FDC-42A3-9474-1A3956D46DE8}") = ".nuget", ".nuget", "{759C06B0-10E7-4045-8EE7-7D349EBD35E6}"
	ProjectSection(SolutionItems) = preProject
		.nuget\NuGet.Config = .nuget\NuGet.Config
		.nuget\NuGet.exe = .nuget\NuGet.exe
		.nuget\NuGet.targets = .nuget\NuGet.targets
	EndProjectSection
EndProject
Project("{2150E333-8FDC-42A3-9474-1A3956D46DE8}") = "Framework", "Framework", "{6477E7CF-E655-4A67-8BF2-A1723CD17330}"
EndProject
Project("{FAE04EC0-301F-11D3-BF4B-00C04F79EFBC}") = "VPS.Common", "Service\VPS.Framework\VPS.Common\VPS.Common.csproj", "{5E9106F2-788F-46D3-9A2E-EB9A512C20DD}"
EndProject
Project("{FAE04EC0-301F-11D3-BF4B-00C04F79EFBC}") = "VPS.EF", "Service\VPS.Framework\VPS.EF\VPS.EF.csproj", "{F9D11493-D8B2-4E0A-B149-D5A8EF0A7C79}"
EndProject
Project("{FAE04EC0-301F-11D3-BF4B-00C04F79EFBC}") = "VPS.CustomAttributes", "Service\VPS.Framework\VPS.CustomAttributes\VPS.CustomAttributes.csproj", "{4AB0BBE9-EF76-4399-B461-A5D55CCD2CBE}"
EndProject
Project("{2150E333-8FDC-42A3-9474-1A3956D46DE8}") = "Domain", "Domain", "{37E15065-1762-4AC0-B1C6-57CC8CA83F5F}"
EndProject
Project("{2150E333-8FDC-42A3-9474-1A3956D46DE8}") = "Utility", "Utility", "{19021AB2-9618-4DA0-A012-7DAC63075DA4}"
EndProject
Project("{9A19103F-16F7-4668-BE54-9A1E7A4F7556}") = "PViMS.API", "Service\PViMS.API\PViMS.API.csproj", "{3447BA39-CA44-4079-8572-3CEF77D774AC}"
EndProject
Project("{9A19103F-16F7-4668-BE54-9A1E7A4F7556}") = "PVIMS.Services", "Service\PVIMS.Service\PVIMS.Services.csproj", "{8D024EAE-DDD2-43CF-9A18-5675301860AE}"
EndProject
Project("{FAE04EC0-301F-11D3-BF4B-00C04F79EFBC}") = "PVIMS.Entities.EF", "Service\PVIMS.Entities.EF\PVIMS.Entities.EF.csproj", "{043D16FC-CD53-4492-BC47-B3840379AEF5}"
EndProject
Project("{FAE04EC0-301F-11D3-BF4B-00C04F79EFBC}") = "PVIMS.Core", "Service\PVIMS.Core\PVIMS.Core.csproj", "{60640F1E-8399-4BEB-9794-2BA98E132AA4}"
EndProject
Global
	GlobalSection(SolutionConfigurationPlatforms) = preSolution
		CodeAnalysis|Any CPU = CodeAnalysis|Any CPU
		CodeAnalysis|ARM = CodeAnalysis|ARM
		CodeAnalysis|x64 = CodeAnalysis|x64
		CodeAnalysis|x86 = CodeAnalysis|x86
		Debug|Any CPU = Debug|Any CPU
		Debug|ARM = Debug|ARM
		Debug|x64 = Debug|x64
		Debug|x86 = Debug|x86
		Release|Any CPU = Release|Any CPU
		Release|ARM = Release|ARM
		Release|x64 = Release|x64
		Release|x86 = Release|x86
		Test|Any CPU = Test|Any CPU
		Test|ARM = Test|ARM
		Test|x64 = Test|x64
		Test|x86 = Test|x86
	EndGlobalSection
	GlobalSection(ProjectConfigurationPlatforms) = postSolution
		{5E9106F2-788F-46D3-9A2E-EB9A512C20DD}.CodeAnalysis|Any CPU.ActiveCfg = Test|Any CPU
		{5E9106F2-788F-46D3-9A2E-EB9A512C20DD}.CodeAnalysis|Any CPU.Build.0 = Test|Any CPU
		{5E9106F2-788F-46D3-9A2E-EB9A512C20DD}.CodeAnalysis|ARM.ActiveCfg = Test|Any CPU
		{5E9106F2-788F-46D3-9A2E-EB9A512C20DD}.CodeAnalysis|ARM.Build.0 = Test|Any CPU
		{5E9106F2-788F-46D3-9A2E-EB9A512C20DD}.CodeAnalysis|x64.ActiveCfg = Test|Any CPU
		{5E9106F2-788F-46D3-9A2E-EB9A512C20DD}.CodeAnalysis|x64.Build.0 = Test|Any CPU
		{5E9106F2-788F-46D3-9A2E-EB9A512C20DD}.CodeAnalysis|x86.ActiveCfg = Test|Any CPU
		{5E9106F2-788F-46D3-9A2E-EB9A512C20DD}.CodeAnalysis|x86.Build.0 = Test|Any CPU
		{5E9106F2-788F-46D3-9A2E-EB9A512C20DD}.Debug|Any CPU.ActiveCfg = Debug|Any CPU
		{5E9106F2-788F-46D3-9A2E-EB9A512C20DD}.Debug|Any CPU.Build.0 = Debug|Any CPU
		{5E9106F2-788F-46D3-9A2E-EB9A512C20DD}.Debug|ARM.ActiveCfg = Debug|Any CPU
		{5E9106F2-788F-46D3-9A2E-EB9A512C20DD}.Debug|x64.ActiveCfg = Debug|Any CPU
		{5E9106F2-788F-46D3-9A2E-EB9A512C20DD}.Debug|x86.ActiveCfg = Debug|Any CPU
		{5E9106F2-788F-46D3-9A2E-EB9A512C20DD}.Release|Any CPU.ActiveCfg = Release|Any CPU
		{5E9106F2-788F-46D3-9A2E-EB9A512C20DD}.Release|Any CPU.Build.0 = Release|Any CPU
		{5E9106F2-788F-46D3-9A2E-EB9A512C20DD}.Release|ARM.ActiveCfg = Release|Any CPU
		{5E9106F2-788F-46D3-9A2E-EB9A512C20DD}.Release|x64.ActiveCfg = Release|Any CPU
		{5E9106F2-788F-46D3-9A2E-EB9A512C20DD}.Release|x86.ActiveCfg = Release|Any CPU
		{5E9106F2-788F-46D3-9A2E-EB9A512C20DD}.Test|Any CPU.ActiveCfg = Test|Any CPU
		{5E9106F2-788F-46D3-9A2E-EB9A512C20DD}.Test|Any CPU.Build.0 = Test|Any CPU
		{5E9106F2-788F-46D3-9A2E-EB9A512C20DD}.Test|ARM.ActiveCfg = Test|Any CPU
		{5E9106F2-788F-46D3-9A2E-EB9A512C20DD}.Test|x64.ActiveCfg = Test|Any CPU
		{5E9106F2-788F-46D3-9A2E-EB9A512C20DD}.Test|x86.ActiveCfg = Test|Any CPU
		{F9D11493-D8B2-4E0A-B149-D5A8EF0A7C79}.CodeAnalysis|Any CPU.ActiveCfg = Release|Any CPU
		{F9D11493-D8B2-4E0A-B149-D5A8EF0A7C79}.CodeAnalysis|Any CPU.Build.0 = Release|Any CPU
		{F9D11493-D8B2-4E0A-B149-D5A8EF0A7C79}.CodeAnalysis|ARM.ActiveCfg = Release|Any CPU
		{F9D11493-D8B2-4E0A-B149-D5A8EF0A7C79}.CodeAnalysis|ARM.Build.0 = Release|Any CPU
		{F9D11493-D8B2-4E0A-B149-D5A8EF0A7C79}.CodeAnalysis|x64.ActiveCfg = Release|Any CPU
		{F9D11493-D8B2-4E0A-B149-D5A8EF0A7C79}.CodeAnalysis|x64.Build.0 = Release|Any CPU
		{F9D11493-D8B2-4E0A-B149-D5A8EF0A7C79}.CodeAnalysis|x86.ActiveCfg = Release|Any CPU
		{F9D11493-D8B2-4E0A-B149-D5A8EF0A7C79}.CodeAnalysis|x86.Build.0 = Release|Any CPU
		{F9D11493-D8B2-4E0A-B149-D5A8EF0A7C79}.Debug|Any CPU.ActiveCfg = Debug|Any CPU
		{F9D11493-D8B2-4E0A-B149-D5A8EF0A7C79}.Debug|Any CPU.Build.0 = Debug|Any CPU
		{F9D11493-D8B2-4E0A-B149-D5A8EF0A7C79}.Debug|ARM.ActiveCfg = Debug|Any CPU
		{F9D11493-D8B2-4E0A-B149-D5A8EF0A7C79}.Debug|x64.ActiveCfg = Debug|Any CPU
		{F9D11493-D8B2-4E0A-B149-D5A8EF0A7C79}.Debug|x86.ActiveCfg = Debug|Any CPU
		{F9D11493-D8B2-4E0A-B149-D5A8EF0A7C79}.Release|Any CPU.ActiveCfg = Release|Any CPU
		{F9D11493-D8B2-4E0A-B149-D5A8EF0A7C79}.Release|Any CPU.Build.0 = Release|Any CPU
		{F9D11493-D8B2-4E0A-B149-D5A8EF0A7C79}.Release|ARM.ActiveCfg = Release|Any CPU
		{F9D11493-D8B2-4E0A-B149-D5A8EF0A7C79}.Release|x64.ActiveCfg = Release|Any CPU
		{F9D11493-D8B2-4E0A-B149-D5A8EF0A7C79}.Release|x86.ActiveCfg = Release|Any CPU
		{F9D11493-D8B2-4E0A-B149-D5A8EF0A7C79}.Test|Any CPU.ActiveCfg = Release|Any CPU
		{F9D11493-D8B2-4E0A-B149-D5A8EF0A7C79}.Test|Any CPU.Build.0 = Release|Any CPU
		{F9D11493-D8B2-4E0A-B149-D5A8EF0A7C79}.Test|ARM.ActiveCfg = Release|Any CPU
		{F9D11493-D8B2-4E0A-B149-D5A8EF0A7C79}.Test|x64.ActiveCfg = Release|Any CPU
		{F9D11493-D8B2-4E0A-B149-D5A8EF0A7C79}.Test|x86.ActiveCfg = Release|Any CPU
		{4AB0BBE9-EF76-4399-B461-A5D55CCD2CBE}.CodeAnalysis|Any CPU.ActiveCfg = Release|Any CPU
		{4AB0BBE9-EF76-4399-B461-A5D55CCD2CBE}.CodeAnalysis|Any CPU.Build.0 = Release|Any CPU
		{4AB0BBE9-EF76-4399-B461-A5D55CCD2CBE}.CodeAnalysis|ARM.ActiveCfg = Release|Any CPU
		{4AB0BBE9-EF76-4399-B461-A5D55CCD2CBE}.CodeAnalysis|ARM.Build.0 = Release|Any CPU
		{4AB0BBE9-EF76-4399-B461-A5D55CCD2CBE}.CodeAnalysis|x64.ActiveCfg = Release|Any CPU
		{4AB0BBE9-EF76-4399-B461-A5D55CCD2CBE}.CodeAnalysis|x64.Build.0 = Release|Any CPU
		{4AB0BBE9-EF76-4399-B461-A5D55CCD2CBE}.CodeAnalysis|x86.ActiveCfg = Release|Any CPU
		{4AB0BBE9-EF76-4399-B461-A5D55CCD2CBE}.CodeAnalysis|x86.Build.0 = Release|Any CPU
		{4AB0BBE9-EF76-4399-B461-A5D55CCD2CBE}.Debug|Any CPU.ActiveCfg = Debug|Any CPU
		{4AB0BBE9-EF76-4399-B461-A5D55CCD2CBE}.Debug|Any CPU.Build.0 = Debug|Any CPU
		{4AB0BBE9-EF76-4399-B461-A5D55CCD2CBE}.Debug|ARM.ActiveCfg = Debug|Any CPU
		{4AB0BBE9-EF76-4399-B461-A5D55CCD2CBE}.Debug|x64.ActiveCfg = Debug|Any CPU
		{4AB0BBE9-EF76-4399-B461-A5D55CCD2CBE}.Debug|x86.ActiveCfg = Debug|Any CPU
		{4AB0BBE9-EF76-4399-B461-A5D55CCD2CBE}.Release|Any CPU.ActiveCfg = Release|Any CPU
		{4AB0BBE9-EF76-4399-B461-A5D55CCD2CBE}.Release|Any CPU.Build.0 = Release|Any CPU
		{4AB0BBE9-EF76-4399-B461-A5D55CCD2CBE}.Release|ARM.ActiveCfg = Release|Any CPU
		{4AB0BBE9-EF76-4399-B461-A5D55CCD2CBE}.Release|x64.ActiveCfg = Release|Any CPU
		{4AB0BBE9-EF76-4399-B461-A5D55CCD2CBE}.Release|x86.ActiveCfg = Release|Any CPU
		{4AB0BBE9-EF76-4399-B461-A5D55CCD2CBE}.Test|Any CPU.ActiveCfg = Release|Any CPU
		{4AB0BBE9-EF76-4399-B461-A5D55CCD2CBE}.Test|Any CPU.Build.0 = Release|Any CPU
		{4AB0BBE9-EF76-4399-B461-A5D55CCD2CBE}.Test|ARM.ActiveCfg = Release|Any CPU
		{4AB0BBE9-EF76-4399-B461-A5D55CCD2CBE}.Test|x64.ActiveCfg = Release|Any CPU
		{4AB0BBE9-EF76-4399-B461-A5D55CCD2CBE}.Test|x86.ActiveCfg = Release|Any CPU
		{3447BA39-CA44-4079-8572-3CEF77D774AC}.CodeAnalysis|Any CPU.ActiveCfg = Debug|Any CPU
		{3447BA39-CA44-4079-8572-3CEF77D774AC}.CodeAnalysis|Any CPU.Build.0 = Debug|Any CPU
		{3447BA39-CA44-4079-8572-3CEF77D774AC}.CodeAnalysis|ARM.ActiveCfg = Debug|Any CPU
		{3447BA39-CA44-4079-8572-3CEF77D774AC}.CodeAnalysis|ARM.Build.0 = Debug|Any CPU
		{3447BA39-CA44-4079-8572-3CEF77D774AC}.CodeAnalysis|x64.ActiveCfg = Debug|Any CPU
		{3447BA39-CA44-4079-8572-3CEF77D774AC}.CodeAnalysis|x64.Build.0 = Debug|Any CPU
		{3447BA39-CA44-4079-8572-3CEF77D774AC}.CodeAnalysis|x86.ActiveCfg = Debug|Any CPU
		{3447BA39-CA44-4079-8572-3CEF77D774AC}.CodeAnalysis|x86.Build.0 = Debug|Any CPU
		{3447BA39-CA44-4079-8572-3CEF77D774AC}.Debug|Any CPU.ActiveCfg = Debug|Any CPU
		{3447BA39-CA44-4079-8572-3CEF77D774AC}.Debug|Any CPU.Build.0 = Debug|Any CPU
		{3447BA39-CA44-4079-8572-3CEF77D774AC}.Debug|ARM.ActiveCfg = Debug|Any CPU
		{3447BA39-CA44-4079-8572-3CEF77D774AC}.Debug|ARM.Build.0 = Debug|Any CPU
		{3447BA39-CA44-4079-8572-3CEF77D774AC}.Debug|x64.ActiveCfg = Debug|Any CPU
		{3447BA39-CA44-4079-8572-3CEF77D774AC}.Debug|x64.Build.0 = Debug|Any CPU
		{3447BA39-CA44-4079-8572-3CEF77D774AC}.Debug|x86.ActiveCfg = Debug|Any CPU
		{3447BA39-CA44-4079-8572-3CEF77D774AC}.Debug|x86.Build.0 = Debug|Any CPU
		{3447BA39-CA44-4079-8572-3CEF77D774AC}.Release|Any CPU.ActiveCfg = Release|Any CPU
		{3447BA39-CA44-4079-8572-3CEF77D774AC}.Release|Any CPU.Build.0 = Release|Any CPU
		{3447BA39-CA44-4079-8572-3CEF77D774AC}.Release|ARM.ActiveCfg = Release|Any CPU
		{3447BA39-CA44-4079-8572-3CEF77D774AC}.Release|ARM.Build.0 = Release|Any CPU
		{3447BA39-CA44-4079-8572-3CEF77D774AC}.Release|x64.ActiveCfg = Release|Any CPU
		{3447BA39-CA44-4079-8572-3CEF77D774AC}.Release|x64.Build.0 = Release|Any CPU
		{3447BA39-CA44-4079-8572-3CEF77D774AC}.Release|x86.ActiveCfg = Release|Any CPU
		{3447BA39-CA44-4079-8572-3CEF77D774AC}.Release|x86.Build.0 = Release|Any CPU
		{3447BA39-CA44-4079-8572-3CEF77D774AC}.Test|Any CPU.ActiveCfg = Debug|Any CPU
		{3447BA39-CA44-4079-8572-3CEF77D774AC}.Test|Any CPU.Build.0 = Debug|Any CPU
		{3447BA39-CA44-4079-8572-3CEF77D774AC}.Test|ARM.ActiveCfg = Debug|Any CPU
		{3447BA39-CA44-4079-8572-3CEF77D774AC}.Test|ARM.Build.0 = Debug|Any CPU
		{3447BA39-CA44-4079-8572-3CEF77D774AC}.Test|x64.ActiveCfg = Debug|Any CPU
		{3447BA39-CA44-4079-8572-3CEF77D774AC}.Test|x64.Build.0 = Debug|Any CPU
		{3447BA39-CA44-4079-8572-3CEF77D774AC}.Test|x86.ActiveCfg = Debug|Any CPU
		{3447BA39-CA44-4079-8572-3CEF77D774AC}.Test|x86.Build.0 = Debug|Any CPU
		{8D024EAE-DDD2-43CF-9A18-5675301860AE}.CodeAnalysis|Any CPU.ActiveCfg = Debug|Any CPU
		{8D024EAE-DDD2-43CF-9A18-5675301860AE}.CodeAnalysis|Any CPU.Build.0 = Debug|Any CPU
		{8D024EAE-DDD2-43CF-9A18-5675301860AE}.CodeAnalysis|ARM.ActiveCfg = Debug|Any CPU
		{8D024EAE-DDD2-43CF-9A18-5675301860AE}.CodeAnalysis|ARM.Build.0 = Debug|Any CPU
		{8D024EAE-DDD2-43CF-9A18-5675301860AE}.CodeAnalysis|x64.ActiveCfg = Debug|Any CPU
		{8D024EAE-DDD2-43CF-9A18-5675301860AE}.CodeAnalysis|x64.Build.0 = Debug|Any CPU
		{8D024EAE-DDD2-43CF-9A18-5675301860AE}.CodeAnalysis|x86.ActiveCfg = Debug|Any CPU
		{8D024EAE-DDD2-43CF-9A18-5675301860AE}.CodeAnalysis|x86.Build.0 = Debug|Any CPU
		{8D024EAE-DDD2-43CF-9A18-5675301860AE}.Debug|Any CPU.ActiveCfg = Debug|Any CPU
		{8D024EAE-DDD2-43CF-9A18-5675301860AE}.Debug|Any CPU.Build.0 = Debug|Any CPU
		{8D024EAE-DDD2-43CF-9A18-5675301860AE}.Debug|ARM.ActiveCfg = Debug|Any CPU
		{8D024EAE-DDD2-43CF-9A18-5675301860AE}.Debug|ARM.Build.0 = Debug|Any CPU
		{8D024EAE-DDD2-43CF-9A18-5675301860AE}.Debug|x64.ActiveCfg = Debug|Any CPU
		{8D024EAE-DDD2-43CF-9A18-5675301860AE}.Debug|x64.Build.0 = Debug|Any CPU
		{8D024EAE-DDD2-43CF-9A18-5675301860AE}.Debug|x86.ActiveCfg = Debug|Any CPU
		{8D024EAE-DDD2-43CF-9A18-5675301860AE}.Debug|x86.Build.0 = Debug|Any CPU
		{8D024EAE-DDD2-43CF-9A18-5675301860AE}.Release|Any CPU.ActiveCfg = Release|Any CPU
		{8D024EAE-DDD2-43CF-9A18-5675301860AE}.Release|Any CPU.Build.0 = Release|Any CPU
		{8D024EAE-DDD2-43CF-9A18-5675301860AE}.Release|ARM.ActiveCfg = Release|Any CPU
		{8D024EAE-DDD2-43CF-9A18-5675301860AE}.Release|ARM.Build.0 = Release|Any CPU
		{8D024EAE-DDD2-43CF-9A18-5675301860AE}.Release|x64.ActiveCfg = Release|Any CPU
		{8D024EAE-DDD2-43CF-9A18-5675301860AE}.Release|x64.Build.0 = Release|Any CPU
		{8D024EAE-DDD2-43CF-9A18-5675301860AE}.Release|x86.ActiveCfg = Release|Any CPU
		{8D024EAE-DDD2-43CF-9A18-5675301860AE}.Release|x86.Build.0 = Release|Any CPU
		{8D024EAE-DDD2-43CF-9A18-5675301860AE}.Test|Any CPU.ActiveCfg = Debug|Any CPU
		{8D024EAE-DDD2-43CF-9A18-5675301860AE}.Test|Any CPU.Build.0 = Debug|Any CPU
		{8D024EAE-DDD2-43CF-9A18-5675301860AE}.Test|ARM.ActiveCfg = Debug|Any CPU
		{8D024EAE-DDD2-43CF-9A18-5675301860AE}.Test|ARM.Build.0 = Debug|Any CPU
		{8D024EAE-DDD2-43CF-9A18-5675301860AE}.Test|x64.ActiveCfg = Debug|Any CPU
		{8D024EAE-DDD2-43CF-9A18-5675301860AE}.Test|x64.Build.0 = Debug|Any CPU
		{8D024EAE-DDD2-43CF-9A18-5675301860AE}.Test|x86.ActiveCfg = Debug|Any CPU
		{8D024EAE-DDD2-43CF-9A18-5675301860AE}.Test|x86.Build.0 = Debug|Any CPU
		{043D16FC-CD53-4492-BC47-B3840379AEF5}.CodeAnalysis|Any CPU.ActiveCfg = Release|Any CPU
		{043D16FC-CD53-4492-BC47-B3840379AEF5}.CodeAnalysis|Any CPU.Build.0 = Release|Any CPU
		{043D16FC-CD53-4492-BC47-B3840379AEF5}.CodeAnalysis|ARM.ActiveCfg = Release|Any CPU
		{043D16FC-CD53-4492-BC47-B3840379AEF5}.CodeAnalysis|ARM.Build.0 = Release|Any CPU
		{043D16FC-CD53-4492-BC47-B3840379AEF5}.CodeAnalysis|x64.ActiveCfg = Release|Any CPU
		{043D16FC-CD53-4492-BC47-B3840379AEF5}.CodeAnalysis|x64.Build.0 = Release|Any CPU
		{043D16FC-CD53-4492-BC47-B3840379AEF5}.CodeAnalysis|x86.ActiveCfg = Release|Any CPU
		{043D16FC-CD53-4492-BC47-B3840379AEF5}.CodeAnalysis|x86.Build.0 = Release|Any CPU
		{043D16FC-CD53-4492-BC47-B3840379AEF5}.Debug|Any CPU.ActiveCfg = Debug|Any CPU
		{043D16FC-CD53-4492-BC47-B3840379AEF5}.Debug|Any CPU.Build.0 = Debug|Any CPU
		{043D16FC-CD53-4492-BC47-B3840379AEF5}.Debug|ARM.ActiveCfg = Debug|Any CPU
		{043D16FC-CD53-4492-BC47-B3840379AEF5}.Debug|ARM.Build.0 = Debug|Any CPU
		{043D16FC-CD53-4492-BC47-B3840379AEF5}.Debug|x64.ActiveCfg = Debug|Any CPU
		{043D16FC-CD53-4492-BC47-B3840379AEF5}.Debug|x64.Build.0 = Debug|Any CPU
		{043D16FC-CD53-4492-BC47-B3840379AEF5}.Debug|x86.ActiveCfg = Debug|Any CPU
		{043D16FC-CD53-4492-BC47-B3840379AEF5}.Debug|x86.Build.0 = Debug|Any CPU
		{043D16FC-CD53-4492-BC47-B3840379AEF5}.Release|Any CPU.ActiveCfg = Release|Any CPU
		{043D16FC-CD53-4492-BC47-B3840379AEF5}.Release|Any CPU.Build.0 = Release|Any CPU
		{043D16FC-CD53-4492-BC47-B3840379AEF5}.Release|ARM.ActiveCfg = Release|Any CPU
		{043D16FC-CD53-4492-BC47-B3840379AEF5}.Release|ARM.Build.0 = Release|Any CPU
		{043D16FC-CD53-4492-BC47-B3840379AEF5}.Release|x64.ActiveCfg = Release|Any CPU
		{043D16FC-CD53-4492-BC47-B3840379AEF5}.Release|x64.Build.0 = Release|Any CPU
		{043D16FC-CD53-4492-BC47-B3840379AEF5}.Release|x86.ActiveCfg = Release|Any CPU
		{043D16FC-CD53-4492-BC47-B3840379AEF5}.Release|x86.Build.0 = Release|Any CPU
		{043D16FC-CD53-4492-BC47-B3840379AEF5}.Test|Any CPU.ActiveCfg = Release|Any CPU
		{043D16FC-CD53-4492-BC47-B3840379AEF5}.Test|Any CPU.Build.0 = Release|Any CPU
		{043D16FC-CD53-4492-BC47-B3840379AEF5}.Test|ARM.ActiveCfg = Release|Any CPU
		{043D16FC-CD53-4492-BC47-B3840379AEF5}.Test|ARM.Build.0 = Release|Any CPU
		{043D16FC-CD53-4492-BC47-B3840379AEF5}.Test|x64.ActiveCfg = Release|Any CPU
		{043D16FC-CD53-4492-BC47-B3840379AEF5}.Test|x64.Build.0 = Release|Any CPU
		{043D16FC-CD53-4492-BC47-B3840379AEF5}.Test|x86.ActiveCfg = Release|Any CPU
		{043D16FC-CD53-4492-BC47-B3840379AEF5}.Test|x86.Build.0 = Release|Any CPU
		{60640F1E-8399-4BEB-9794-2BA98E132AA4}.CodeAnalysis|Any CPU.ActiveCfg = Release|Any CPU
		{60640F1E-8399-4BEB-9794-2BA98E132AA4}.CodeAnalysis|Any CPU.Build.0 = Release|Any CPU
		{60640F1E-8399-4BEB-9794-2BA98E132AA4}.CodeAnalysis|ARM.ActiveCfg = Release|Any CPU
		{60640F1E-8399-4BEB-9794-2BA98E132AA4}.CodeAnalysis|ARM.Build.0 = Release|Any CPU
		{60640F1E-8399-4BEB-9794-2BA98E132AA4}.CodeAnalysis|x64.ActiveCfg = Release|Any CPU
		{60640F1E-8399-4BEB-9794-2BA98E132AA4}.CodeAnalysis|x64.Build.0 = Release|Any CPU
		{60640F1E-8399-4BEB-9794-2BA98E132AA4}.CodeAnalysis|x86.ActiveCfg = Release|Any CPU
		{60640F1E-8399-4BEB-9794-2BA98E132AA4}.CodeAnalysis|x86.Build.0 = Release|Any CPU
		{60640F1E-8399-4BEB-9794-2BA98E132AA4}.Debug|Any CPU.ActiveCfg = Debug|Any CPU
		{60640F1E-8399-4BEB-9794-2BA98E132AA4}.Debug|Any CPU.Build.0 = Debug|Any CPU
		{60640F1E-8399-4BEB-9794-2BA98E132AA4}.Debug|ARM.ActiveCfg = Debug|Any CPU
		{60640F1E-8399-4BEB-9794-2BA98E132AA4}.Debug|ARM.Build.0 = Debug|Any CPU
		{60640F1E-8399-4BEB-9794-2BA98E132AA4}.Debug|x64.ActiveCfg = Debug|Any CPU
		{60640F1E-8399-4BEB-9794-2BA98E132AA4}.Debug|x64.Build.0 = Debug|Any CPU
		{60640F1E-8399-4BEB-9794-2BA98E132AA4}.Debug|x86.ActiveCfg = Debug|Any CPU
		{60640F1E-8399-4BEB-9794-2BA98E132AA4}.Debug|x86.Build.0 = Debug|Any CPU
		{60640F1E-8399-4BEB-9794-2BA98E132AA4}.Release|Any CPU.ActiveCfg = Release|Any CPU
		{60640F1E-8399-4BEB-9794-2BA98E132AA4}.Release|Any CPU.Build.0 = Release|Any CPU
		{60640F1E-8399-4BEB-9794-2BA98E132AA4}.Release|ARM.ActiveCfg = Release|Any CPU
		{60640F1E-8399-4BEB-9794-2BA98E132AA4}.Release|ARM.Build.0 = Release|Any CPU
		{60640F1E-8399-4BEB-9794-2BA98E132AA4}.Release|x64.ActiveCfg = Release|Any CPU
		{60640F1E-8399-4BEB-9794-2BA98E132AA4}.Release|x64.Build.0 = Release|Any CPU
		{60640F1E-8399-4BEB-9794-2BA98E132AA4}.Release|x86.ActiveCfg = Release|Any CPU
		{60640F1E-8399-4BEB-9794-2BA98E132AA4}.Release|x86.Build.0 = Release|Any CPU
		{60640F1E-8399-4BEB-9794-2BA98E132AA4}.Test|Any CPU.ActiveCfg = Release|Any CPU
		{60640F1E-8399-4BEB-9794-2BA98E132AA4}.Test|Any CPU.Build.0 = Release|Any CPU
		{60640F1E-8399-4BEB-9794-2BA98E132AA4}.Test|ARM.ActiveCfg = Release|Any CPU
		{60640F1E-8399-4BEB-9794-2BA98E132AA4}.Test|ARM.Build.0 = Release|Any CPU
		{60640F1E-8399-4BEB-9794-2BA98E132AA4}.Test|x64.ActiveCfg = Release|Any CPU
		{60640F1E-8399-4BEB-9794-2BA98E132AA4}.Test|x64.Build.0 = Release|Any CPU
		{60640F1E-8399-4BEB-9794-2BA98E132AA4}.Test|x86.ActiveCfg = Release|Any CPU
		{60640F1E-8399-4BEB-9794-2BA98E132AA4}.Test|x86.Build.0 = Release|Any CPU
	EndGlobalSection
	GlobalSection(SolutionProperties) = preSolution
		HideSolutionNode = FALSE
	EndGlobalSection
	GlobalSection(NestedProjects) = preSolution
		{5E9106F2-788F-46D3-9A2E-EB9A512C20DD} = {6477E7CF-E655-4A67-8BF2-A1723CD17330}
		{F9D11493-D8B2-4E0A-B149-D5A8EF0A7C79} = {6477E7CF-E655-4A67-8BF2-A1723CD17330}
		{4AB0BBE9-EF76-4399-B461-A5D55CCD2CBE} = {6477E7CF-E655-4A67-8BF2-A1723CD17330}
		{3447BA39-CA44-4079-8572-3CEF77D774AC} = {37E15065-1762-4AC0-B1C6-57CC8CA83F5F}
		{8D024EAE-DDD2-43CF-9A18-5675301860AE} = {37E15065-1762-4AC0-B1C6-57CC8CA83F5F}
		{043D16FC-CD53-4492-BC47-B3840379AEF5} = {37E15065-1762-4AC0-B1C6-57CC8CA83F5F}
		{60640F1E-8399-4BEB-9794-2BA98E132AA4} = {37E15065-1762-4AC0-B1C6-57CC8CA83F5F}
	EndGlobalSection
	GlobalSection(ExtensibilityGlobals) = postSolution
		SolutionGuid = {35CEACE9-46E6-4641-962D-1AFE7F47FF96}
	EndGlobalSection
EndGlobal
